{
  "name": "coroni-backend",
  "version": "1.0.0",
  "lockfileVersion": 1,
  "requires": true,
  "dependencies": {
    "prisma2": {
      "version": "2.0.0-preview024",
      "resolved": "https://registry.npmjs.org/prisma2/-/prisma2-2.0.0-preview024.tgz",
      "integrity": "sha512-hQJjD0/Wv7evgH2XzHN1pSJPiVgZd8QI0cDyP+1mECUs4NBCUCrxPao7eNF5g8HGsjs30YR2/ree6i6TuwmfiQ=="
    }
  }
}
